{
  "name": "kb-drag-drop",
  "version": "1.0.0",
  "lockfileVersion": 1,
  "requires": true,
  "dependencies": {
    "hammerjs": {
      "version": "2.0.8",
      "resolved": "https://registry.npm.taobao.org/hammerjs/download/hammerjs-2.0.8.tgz",
      "integrity": "sha1-BO93hiz/K7edMPdpIJWTAiK/YPE="
    },
    "rxjs": {
      "version": "6.6.2",
      "resolved": "https://registry.npm.taobao.org/rxjs/download/rxjs-6.6.2.tgz?cache=0&sync_timestamp=1596155794859&other_urls=https%3A%2F%2Fregistry.npm.taobao.org%2Frxjs%2Fdownload%2Frxjs-6.6.2.tgz",
      "integrity": "sha1-gJanrAPyzE/lhg725XKBDZ4BwNI=",
      "requires": {
        "tslib": "^1.9.0"
      }
    },
    "tslib": {
      "version": "1.13.0",
      "resolved": "https://registry.npm.taobao.org/tslib/download/tslib-1.13.0.tgz",
      "integrity": "sha1-yIHhPMcBWJTtkUhi0nZDb6mkcEM="
    }
  }
}
